
Microsoft Visual Studio Solution File, Format Version 12.00
# Visual Studio 15
VisualStudioVersion = 15.0.28307.329
MinimumVisualStudioVersion = 10.0.40219.1
Project("{FAE04EC0-301F-11D3-BF4B-00C04F79EFBC}") = "WorldSeriesChampion", "WorldSeriesChampion\WorldSeriesChampion.csproj", "{D6D6F8F0-5869-4B32-AFA9-4061F0C658EC}"
EndProject
Global
	GlobalSection(SolutionConfigurationPlatforms) = preSolution
		Debug|Any CPU = Debug|Any CPU
		Release|Any CPU = Release|Any CPU
	EndGlobalSection
	GlobalSection(ProjectConfigurationPlatforms) = postSolution
		{D6D6F8F0-5869-4B32-AFA9-4061F0C658EC}.Debug|Any CPU.ActiveCfg = Debug|Any CPU
		{D6D6F8F0-5869-4B32-AFA9-4061F0C658EC}.Debug|Any CPU.Build.0 = Debug|Any CPU
		{D6D6F8F0-5869-4B32-AFA9-4061F0C658EC}.Release|Any CPU.ActiveCfg = Release|Any CPU
		{D6D6F8F0-5869-4B32-AFA9-4061F0C658EC}.Release|Any CPU.Build.0 = Release|Any CPU
	EndGlobalSection
	GlobalSection(SolutionProperties) = preSolution
		HideSolutionNode = FALSE
	EndGlobalSection
	GlobalSection(ExtensibilityGlobals) = postSolution
		SolutionGuid = {A00EE888-AED7-4D08-AE1B-FEE9622641F2}
	EndGlobalSection
EndGlobal
